
Microsoft Visual Studio Solution File, Format Version 12.00
Project("{FAE04EC0-301F-11D3-BF4B-00C04F79EFBC}") = "BoredBackend", "BoredBackend\BoredBackend.csproj", "{CEE8E636-A0A7-4A7D-9651-910F4A381290}"
EndProject
Project("{FAE04EC0-301F-11D3-BF4B-00C04F79EFBC}") = "Bored.CloudFunctions", "Bored.CloudFunctions\Bored.CloudFunctions.csproj", "{483849BB-8C18-4B7F-A578-CDE533665C29}"
EndProject
Project("{FAE04EC0-301F-11D3-BF4B-00C04F79EFBC}") = "Bored.Blazor", "Bored.Blazor\Bored.Blazor.csproj", "{213AA336-000A-4C05-B183-4829073712EC}"
EndProject
Project("{FAE04EC0-301F-11D3-BF4B-00C04F79EFBC}") = "Bored.Blazor.Client", "Bored.Blazor.Client\Bored.Blazor.Client.csproj", "{135E2A37-64E5-4B79-A58C-865FA52C43A6}"
EndProject
Project("{FAE04EC0-301F-11D3-BF4B-00C04F79EFBC}") = "Bored.Services", "Bored.Services\Bored.Services.csproj", "{C2941288-EEBE-4467-AC46-40771BA6CEA8}"
EndProject
Project("{FAE04EC0-301F-11D3-BF4B-00C04F79EFBC}") = "Bored.Models", "Bored.Models\Bored.Models.csproj", "{81C90B6C-36ED-4417-AC53-B6A494291A8E}"
EndProject
Global
	GlobalSection(SolutionConfigurationPlatforms) = preSolution
		Debug|Any CPU = Debug|Any CPU
		Release|Any CPU = Release|Any CPU
	EndGlobalSection
	GlobalSection(ProjectConfigurationPlatforms) = postSolution
		{CEE8E636-A0A7-4A7D-9651-910F4A381290}.Debug|Any CPU.ActiveCfg = Debug|Any CPU
		{CEE8E636-A0A7-4A7D-9651-910F4A381290}.Debug|Any CPU.Build.0 = Debug|Any CPU
		{CEE8E636-A0A7-4A7D-9651-910F4A381290}.Release|Any CPU.ActiveCfg = Release|Any CPU
		{CEE8E636-A0A7-4A7D-9651-910F4A381290}.Release|Any CPU.Build.0 = Release|Any CPU
		{483849BB-8C18-4B7F-A578-CDE533665C29}.Debug|Any CPU.ActiveCfg = Debug|Any CPU
		{483849BB-8C18-4B7F-A578-CDE533665C29}.Debug|Any CPU.Build.0 = Debug|Any CPU
		{483849BB-8C18-4B7F-A578-CDE533665C29}.Release|Any CPU.ActiveCfg = Release|Any CPU
		{483849BB-8C18-4B7F-A578-CDE533665C29}.Release|Any CPU.Build.0 = Release|Any CPU
		{213AA336-000A-4C05-B183-4829073712EC}.Debug|Any CPU.ActiveCfg = Debug|Any CPU
		{213AA336-000A-4C05-B183-4829073712EC}.Debug|Any CPU.Build.0 = Debug|Any CPU
		{213AA336-000A-4C05-B183-4829073712EC}.Release|Any CPU.ActiveCfg = Release|Any CPU
		{213AA336-000A-4C05-B183-4829073712EC}.Release|Any CPU.Build.0 = Release|Any CPU
		{135E2A37-64E5-4B79-A58C-865FA52C43A6}.Debug|Any CPU.ActiveCfg = Debug|Any CPU
		{135E2A37-64E5-4B79-A58C-865FA52C43A6}.Debug|Any CPU.Build.0 = Debug|Any CPU
		{135E2A37-64E5-4B79-A58C-865FA52C43A6}.Release|Any CPU.ActiveCfg = Release|Any CPU
		{135E2A37-64E5-4B79-A58C-865FA52C43A6}.Release|Any CPU.Build.0 = Release|Any CPU
		{C2941288-EEBE-4467-AC46-40771BA6CEA8}.Debug|Any CPU.ActiveCfg = Debug|Any CPU
		{C2941288-EEBE-4467-AC46-40771BA6CEA8}.Debug|Any CPU.Build.0 = Debug|Any CPU
		{C2941288-EEBE-4467-AC46-40771BA6CEA8}.Release|Any CPU.ActiveCfg = Release|Any CPU
		{C2941288-EEBE-4467-AC46-40771BA6CEA8}.Release|Any CPU.Build.0 = Release|Any CPU
		{81C90B6C-36ED-4417-AC53-B6A494291A8E}.Debug|Any CPU.ActiveCfg = Debug|Any CPU
		{81C90B6C-36ED-4417-AC53-B6A494291A8E}.Debug|Any CPU.Build.0 = Debug|Any CPU
		{81C90B6C-36ED-4417-AC53-B6A494291A8E}.Release|Any CPU.ActiveCfg = Release|Any CPU
		{81C90B6C-36ED-4417-AC53-B6A494291A8E}.Release|Any CPU.Build.0 = Release|Any CPU
	EndGlobalSection
EndGlobal
